{
    "_meta": {
        "hash": {
            "sha256": "04010fcaee2349a9a487ecf5ddebebda46024705835a65b0b4a6dd249c812896"
        },
        "pipfile-spec": 6,
        "requires": {
            "python_version": "3.7"
        },
        "sources": [
            {
                "name": "pypi",
                "url": "https://pypi.org/simple",
                "verify_ssl": true
            }
        ]
    },
    "default": {
        "alembic": {
            "hashes": [
                "sha256:035ab00497217628bf5d0be82d664d8713ab13d37b630084da8e1f98facf4dbf"
            ],
            "markers": "python_version >= '2.7' and python_version not in '3.0, 3.1, 3.2, 3.3'",
            "version": "==1.4.2"
        },
        "brotli": {
            "hashes": [
                "sha256:0538dc1744fd17c314d2adc409ea7d1b779783b89fd95bcfb0c2acc93a6ea5a7",
                "sha256:0970a47f471782912d7705160b2b0a9306e68e6fadf9cffcaeb42d8f0951e26c",
                "sha256:113f51658e6fe548dce4b3749f6ef6c24de4184ba9c10a909cbee4261c2a5da0",
                "sha256:1e1aa9c4d1558889f42749c8baf846007953bfd32c8209230cf1cd1f5ef33495",
                "sha256:2f2f4f78f29ac4a45d15b3d9fc3fd9705e0ad313a44b129f6e1d0c6916bad0e2",
                "sha256:3269f6de1dd150fd0cce1c158b61ff5ac06d627fd3ae9c6ea03aed26fbbff7ea",
                "sha256:3f4a1f6240916c7984c7f2542786710f622992508dafee0b1714e6d340fb9ffd",
                "sha256:50dd9ad2a2bb12da4e9002a438672d182f98e546e99952de80280a1e1729664f",
                "sha256:5519a4b01b1a4f965083cbfa2ef2b9774c5a5f352341c47b50776ad109423d72",
                "sha256:5eb27722d320370315971c427eb8aa7cc0791f2a458840d357ac653bd0ad3a14",
                "sha256:5f06b4d5b6f58e5b5c220c2f23cad034dc5efa51b01fde2351ced1605bd980e2",
                "sha256:71ceee286ea7ec613f1c36f1c6181864a6ca24ebb55e371276f33d6af8742834",
                "sha256:72848d25a5f9e736db4af4512e0c3feecc094d57d241f8f1ae959115a2c39756",
                "sha256:743001bca75f4a6b4454be3510feca46f9d61a0c782a9bc2bc684bdb245e279e",
                "sha256:7ac98c71a15648fd11bc1f32608b6110e396121280790082e32b9a3109048bc6",
                "sha256:9d1c2dd27a1083fefd05b1b2f8df4a6bc2aaa6c21dd82cd41c8ae5e7c23a87f8",
                "sha256:a13ce9b419fe9f277c63f700efb0e444331509d1881b5610d2ba7e9080606967",
                "sha256:a19ef0952b9d2803df88dff07f45a6c92d5676afb9b8d69cf32232d684036d11",
                "sha256:ad766ca8b8c1419b71a22756b45264f45725c86133dc80a7cbe30b6b78c75620",
                "sha256:ad7963f261988ee0883816b6b9f206f11461c9b3cb5cfbca0c9ab5adc406d395",
                "sha256:af0451e23016631a2f52925a10d738ac4a0f794ac315c30380b22efc0c90cbc6",
                "sha256:c16201060c5a3f8742e3deae759014251ac92f382f82bc2a41dc079ff18c3f24",
                "sha256:c43b202f65891861a9a336984a103de25de235f756de69e32db893156f767013",
                "sha256:c675c6cce4295cb1a692f3de7416aacace7314e064b94bc86e93aceefce7fd3e",
                "sha256:d17cec0b992b1434f5f9df9986563605a4d1b1acd5574c87fc2ac014bcbd3316",
                "sha256:dc91f6129953861a73d9a65c52a8dd682b561a9ebaf65283541645cab6489917",
                "sha256:e2f4cbd1760d2bf2f30e396c2301999aab0191aec031a6a8a04950b2f575a536",
                "sha256:f192e6d3556714105c10486bbd6d045e38a0c04d9da3cef21e0a8dfd8e162df4",
                "sha256:f775b07026af2b1b0b5a8b05e41571cdcf3a315a67df265d60af301656a5425b",
                "sha256:f969ec7f56ba9636679e69ca07fba548312ccaca37412ee823c7f413541ad7e0",
                "sha256:f9dc52cd70907aafb99a773b66b156f2f995c7a0d284397c487c8b71ddbef2f9",
                "sha256:f9ee88bb52352588ceb811d045b5c9bb1dc38927bc150fd156244f60ff3f59f1",
                "sha256:fc7212e36ebeb81aebf7949c92897b622490d7c0e333a479c0395591e7994600"
            ],
            "version": "==1.0.7"
        },
        "certifi": {
            "hashes": [
                "sha256:5930595817496dd21bb8dc35dad090f1c2cd0adfaf21204bf6732ca5d8ee34d3",
                "sha256:8fc0819f1f30ba15bdb34cceffb9ef04d99f420f68eb75d901e9560b8749fc41"
            ],
            "version": "==2020.6.20"
        },
        "chardet": {
            "hashes": [
                "sha256:84ab92ed1c4d4f16916e05906b6b75a6c0fb5db821cc65e70cbd64a3e2a5eaae",
                "sha256:fc323ffcaeaed0e0a02bf4d117757b98aed530d9ed4531e3e15460124c106691"
            ],
            "version": "==3.0.4"
        },
        "click": {
            "hashes": [
                "sha256:d2b5255c7c6349bc1bd1e59e08cd12acbbd63ce649f2588755783aa94dfb6b1a",
                "sha256:dacca89f4bfadd5de3d7489b7c8a566eee0d3676333fbb50030263894c38c0dc"
            ],
            "index": "pypi",
            "version": "==7.1.2"
        },
        "cssmin": {
            "hashes": [
                "sha256:e012f0cc8401efcf2620332339011564738ae32be8c84b2e43ce8beaec1067b6"
            ],
            "index": "pypi",
            "version": "==0.2.0"
        },
        "cycler": {
            "hashes": [
                "sha256:1d8a5ae1ff6c5cf9b93e8811e581232ad8920aeec647c37316ceac982b08cb2d",
                "sha256:cd7b2d1018258d7247a71425e9f26463dfb444d411c39569972f4ce586b0c9d8"
            ],
            "version": "==0.10.0"
        },
        "dash": {
            "hashes": [
                "sha256:7a55e2f5381bf3323873a9b5e7dbb8112a5c8c5e7fe7e554bda2ed9d3f3e04fc"
            ],
            "index": "pypi",
            "version": "==1.14.0"
        },
        "dash-core-components": {
            "hashes": [
                "sha256:6152346ff2ac8a7fcdb76c8b8acbf3ee4e72f3822cd2a02a9f3a963db66f94a3"
            ],
            "index": "pypi",
            "version": "==1.10.2"
        },
        "dash-html-components": {
            "hashes": [
                "sha256:dafb54ae8ab601fffe50c74d72b32783dec2beea65fd1c7e7dd6a66e20e545ba"
            ],
            "index": "pypi",
            "version": "==1.0.3"
        },
        "dash-renderer": {
            "hashes": [
                "sha256:8e9c0c0c2efb8ea562489c37665417cd608c30bca20425ac4d847420b5bbc128"
            ],
            "index": "pypi",
            "version": "==1.6.0"
        },
        "dash-table": {
            "hashes": [
                "sha256:2f19000051730291100cd3a79b13fa62c478aea7908f2e4323c13b90f09e3320"
            ],
            "index": "pypi",
            "version": "==4.9.0"
        },
        "flask": {
            "hashes": [
                "sha256:4efa1ae2d7c9865af48986de8aeb8504bf32c7f3d6fdc9353d34b21f4b127060",
                "sha256:8a4fdd8936eba2512e9c85df320a37e694c93945b33ef33c89946a340a238557"
            ],
            "index": "pypi",
            "version": "==1.1.2"
        },
        "flask-assets": {
            "hashes": [
                "sha256:1dfdea35e40744d46aada72831f7613d67bf38e8b20ccaaa9e91fdc37aa3b8c2",
                "sha256:2845bd3b479be9db8556801e7ebc2746ce2d9edb4e7b64a1c786ecbfc1e5867b"
            ],
            "index": "pypi",
            "version": "==2.0"
        },
        "flask-compress": {
            "hashes": [
                "sha256:f367b2b46003dd62be34f7fb1379938032656dca56377a9bc90e7188e4289a7c"
            ],
            "index": "pypi",
            "version": "==1.5.0"
        },
        "flask-migrate": {
            "hashes": [
                "sha256:4dc4a5cce8cbbb06b8dc963fd86cf8136bd7d875aabe2d840302ea739b243732",
                "sha256:a69d508c2e09d289f6e55a417b3b8c7bfe70e640f53d2d9deb0d056a384f37ee"
            ],
            "index": "pypi",
            "version": "==2.5.3"
        },
        "flask-sqlalchemy": {
            "hashes": [
                "sha256:05b31d2034dd3f2a685cbbae4cfc4ed906b2a733cff7964ada450fd5e462b84e",
                "sha256:bfc7150eaf809b1c283879302f04c42791136060c6eeb12c0c6674fb1291fae5"
            ],
            "index": "pypi",
            "version": "==2.4.4"
        },
        "future": {
            "hashes": [
                "sha256:b1bead90b70cf6ec3f0710ae53a525360fa360d306a86583adc6bf83a4db537d"
            ],
            "index": "pypi",
            "version": "==0.18.2"
        },
        "gunicorn": {
            "hashes": [
                "sha256:1904bb2b8a43658807108d59c3f3d56c2b6121a701161de0ddf9ad140073c626",
                "sha256:cd4a810dd51bf497552cf3f863b575dabd73d6ad6a91075b65936b151cbf4f9c"
            ],
            "index": "pypi",
            "version": "==20.0.4"
        },
        "idna": {
            "hashes": [
                "sha256:b307872f855b18632ce0c21c5e45be78c0ea7ae4c15c828c20788b26921eb3f6",
                "sha256:b97d804b1e9b523befed77c48dacec60e6dcb0b5391d57af6a65a312a90648c0"
            ],
            "markers": "python_version >= '2.7' and python_version not in '3.0, 3.1, 3.2, 3.3'",
            "version": "==2.10"
        },
        "itsdangerous": {
            "hashes": [
                "sha256:321b033d07f2a4136d3ec762eac9f16a10ccd60f53c0c91af90217ace7ba1f19",
                "sha256:b12271b2047cb23eeb98c8b5622e2e5c5e9abd9784a153e9d8ef9cb4dd09d749"
            ],
            "markers": "python_version >= '2.7' and python_version not in '3.0, 3.1, 3.2, 3.3'",
            "version": "==1.1.0"
        },
        "jinja2": {
            "hashes": [
                "sha256:89aab215427ef59c34ad58735269eb58b1a5808103067f7bb9d5836c651b3bb0",
                "sha256:f0a4641d3cf955324a89c04f3d94663aa4d638abe8f733ecd3582848e1c37035"
            ],
            "index": "pypi",
            "version": "==2.11.2"
        },
        "joblib": {
            "hashes": [
                "sha256:8f52bf24c64b608bf0b2563e0e47d6fcf516abc8cfafe10cfd98ad66d94f92d6",
                "sha256:d348c5d4ae31496b2aa060d6d9b787864dd204f9480baaa52d18850cb43e9f49"
            ],
            "index": "pypi",
            "version": "==0.16.0"
        },
        "jsmin": {
            "hashes": [
                "sha256:b6df99b2cd1c75d9d342e4335b535789b8da9107ec748212706ef7bbe5c2553b"
            ],
            "index": "pypi",
            "version": "==2.2.2"
        },
        "kiwisolver": {
            "hashes": [
                "sha256:03662cbd3e6729f341a97dd2690b271e51a67a68322affab12a5b011344b973c",
                "sha256:18d749f3e56c0480dccd1714230da0f328e6e4accf188dd4e6884bdd06bf02dd",
                "sha256:247800260cd38160c362d211dcaf4ed0f7816afb5efe56544748b21d6ad6d17f",
                "sha256:38d05c9ecb24eee1246391820ed7137ac42a50209c203c908154782fced90e44",
                "sha256:443c2320520eda0a5b930b2725b26f6175ca4453c61f739fef7a5847bd262f74",
                "sha256:4eadb361baf3069f278b055e3bb53fa189cea2fd02cb2c353b7a99ebb4477ef1",
                "sha256:556da0a5f60f6486ec4969abbc1dd83cf9b5c2deadc8288508e55c0f5f87d29c",
                "sha256:603162139684ee56bcd57acc74035fceed7dd8d732f38c0959c8bd157f913fec",
                "sha256:60a78858580761fe611d22127868f3dc9f98871e6fdf0a15cc4203ed9ba6179b",
                "sha256:63f55f490b958b6299e4e5bdac66ac988c3d11b7fafa522800359075d4fa56d1",
                "sha256:7cc095a4661bdd8a5742aaf7c10ea9fac142d76ff1770a0f84394038126d8fc7",
                "sha256:be046da49fbc3aa9491cc7296db7e8d27bcf0c3d5d1a40259c10471b014e4e0c",
                "sha256:c31bc3c8e903d60a1ea31a754c72559398d91b5929fcb329b1c3a3d3f6e72113",
                "sha256:c955791d80e464da3b471ab41eb65cf5a40c15ce9b001fdc5bbc241170de58ec",
                "sha256:d069ef4b20b1e6b19f790d00097a5d5d2c50871b66d10075dab78938dc2ee2cf",
                "sha256:d52b989dc23cdaa92582ceb4af8d5bcc94d74b2c3e64cd6785558ec6a879793e",
                "sha256:e586b28354d7b6584d8973656a7954b1c69c93f708c0c07b77884f91640b7657",
                "sha256:efcf3397ae1e3c3a4a0a0636542bcad5adad3b1dd3e8e629d0b6e201347176c8",
                "sha256:fccefc0d36a38c57b7bd233a9b485e2f1eb71903ca7ad7adacad6c28a56d62d2"
            ],
            "markers": "python_version >= '3.6'",
            "version": "==1.2.0"
        },
        "littleutils": {
            "hashes": [
                "sha256:e6cae3a4203e530d51c9667ed310ffe3b1948f2876e3d69605b3de4b7d96916f"
            ],
            "version": "==0.2.2"
        },
        "mako": {
            "hashes": [
                "sha256:8195c8c1400ceb53496064314c6736719c6f25e7479cd24c77be3d9361cddc27",
                "sha256:93729a258e4ff0747c876bd9e20df1b9758028946e976324ccd2d68245c7b6a9"
            ],
            "index": "pypi",
            "version": "==1.1.3"
        },
        "markupsafe": {
            "hashes": [
                "sha256:00bc623926325b26bb9605ae9eae8a215691f33cae5df11ca5424f06f2d1f473",
                "sha256:09027a7803a62ca78792ad89403b1b7a73a01c8cb65909cd876f7fcebd79b161",
                "sha256:09c4b7f37d6c648cb13f9230d847adf22f8171b1ccc4d5682398e77f40309235",
                "sha256:1027c282dad077d0bae18be6794e6b6b8c91d58ed8a8d89a89d59693b9131db5",
                "sha256:13d3144e1e340870b25e7b10b98d779608c02016d5184cfb9927a9f10c689f42",
                "sha256:24982cc2533820871eba85ba648cd53d8623687ff11cbb805be4ff7b4c971aff",
                "sha256:29872e92839765e546828bb7754a68c418d927cd064fd4708fab9fe9c8bb116b",
                "sha256:43a55c2930bbc139570ac2452adf3d70cdbb3cfe5912c71cdce1c2c6bbd9c5d1",
                "sha256:46c99d2de99945ec5cb54f23c8cd5689f6d7177305ebff350a58ce5f8de1669e",
                "sha256:500d4957e52ddc3351cabf489e79c91c17f6e0899158447047588650b5e69183",
                "sha256:535f6fc4d397c1563d08b88e485c3496cf5784e927af890fb3c3aac7f933ec66",
                "sha256:596510de112c685489095da617b5bcbbac7dd6384aeebeda4df6025d0256a81b",
                "sha256:62fe6c95e3ec8a7fad637b7f3d372c15ec1caa01ab47926cfdf7a75b40e0eac1",
                "sha256:6788b695d50a51edb699cb55e35487e430fa21f1ed838122d722e0ff0ac5ba15",
                "sha256:6dd73240d2af64df90aa7c4e7481e23825ea70af4b4922f8ede5b9e35f78a3b1",
                "sha256:717ba8fe3ae9cc0006d7c451f0bb265ee07739daf76355d06366154ee68d221e",
                "sha256:79855e1c5b8da654cf486b830bd42c06e8780cea587384cf6545b7d9ac013a0b",
                "sha256:7c1699dfe0cf8ff607dbdcc1e9b9af1755371f92a68f706051cc8c37d447c905",
                "sha256:88e5fcfb52ee7b911e8bb6d6aa2fd21fbecc674eadd44118a9cc3863f938e735",
                "sha256:8defac2f2ccd6805ebf65f5eeb132adcf2ab57aa11fdf4c0dd5169a004710e7d",
                "sha256:98c7086708b163d425c67c7a91bad6e466bb99d797aa64f965e9d25c12111a5e",
                "sha256:9add70b36c5666a2ed02b43b335fe19002ee5235efd4b8a89bfcf9005bebac0d",
                "sha256:9bf40443012702a1d2070043cb6291650a0841ece432556f784f004937f0f32c",
                "sha256:ade5e387d2ad0d7ebf59146cc00c8044acbd863725f887353a10df825fc8ae21",
                "sha256:b00c1de48212e4cc9603895652c5c410df699856a2853135b3967591e4beebc2",
                "sha256:b1282f8c00509d99fef04d8ba936b156d419be841854fe901d8ae224c59f0be5",
                "sha256:b2051432115498d3562c084a49bba65d97cf251f5a331c64a12ee7e04dacc51b",
                "sha256:ba59edeaa2fc6114428f1637ffff42da1e311e29382d81b339c1817d37ec93c6",
                "sha256:c8716a48d94b06bb3b2524c2b77e055fb313aeb4ea620c8dd03a105574ba704f",
                "sha256:cd5df75523866410809ca100dc9681e301e3c27567cf498077e8551b6d20e42f",
                "sha256:cdb132fc825c38e1aeec2c8aa9338310d29d337bebbd7baa06889d09a60a1fa2",
                "sha256:e249096428b3ae81b08327a63a485ad0878de3fb939049038579ac0ef61e17e7",
                "sha256:e8313f01ba26fbbe36c7be1966a7b7424942f670f38e666995b88d012765b9be"
            ],
            "index": "pypi",
            "version": "==1.1.1"
        },
        "matplotlib": {
            "hashes": [
                "sha256:09b4096748178bcc764b81587b00ab720eac24965d2bf44ecbe09dcf4e8ed253",
                "sha256:19cf4db0272da286863a50406f6430101af129f288c421b1a7f33ddfc8d0180f",
                "sha256:244a9088140a4c540e0a2db9c8ada5ad12520efded592a46e5bc43ff8f0fd0aa",
                "sha256:24e8db94948019d531ce0bcd637ac24b1c8f6744ac86d2aa0eb6dbaeb1386f82",
                "sha256:2a9d10930406748b50f60c5fa74c399a1c1080aa6ce6e3fe5f38473b02f6f06d",
                "sha256:605e4d43b421524ad955a56535391e02866d07bce27c644e2c99e25fb59d63d1",
                "sha256:695b4165520bdfe381d15a6db03778babb265fee7affdc43e169a881f3f329bc",
                "sha256:6aa7ea00ad7d898704ffed46e83efd7ec985beba57f507c957979f080678b9ea",
                "sha256:7c9adba58a67d23cc131c4189da56cb1d0f18a237c43188d831a44e4fc5df15a",
                "sha256:7ce8f5364c74aac06abad84d8744d659bd86036e86c4ebf14c75ae4292597b46",
                "sha256:855bb281f3cc8e23ef66064a2beb229674fdf785638091fc82a172e3e84c2780",
                "sha256:9ccc651261b7044ffc3b1e2f9af17b1ef4c6a12fc080b5a7353ef0b53a50be28",
                "sha256:b0786ac32983191fcd9cc0230b4ec2f8b3c25dee9beca46ca506c5d6cc5c593d",
                "sha256:bf8d527a2eb9a5db1c9e5e405d1b1c4e66be983620c9ce80af6aae430d9a0c9c",
                "sha256:c06ea133b44805d42f2507cb3503f6647b0c7918f1900b5063f5a8a69c63f6d2",
                "sha256:c1f850908600efa60f81ad14eedbaf7cb17185a2c6d26586ae826ae5ce21f6e0",
                "sha256:cef05e9a2302f96d6f0666ee70ac7715cbc12e3802d8b8eb80bacd6ab81a0a24",
                "sha256:e3868686f3023644523df486fc224b0af4349f3cdb933b0a71f261a574d7b65f",
                "sha256:ebb6168c9330309b1f3360d36c481d8cd621a490cf2a69c9d6625b2a76777c12",
                "sha256:f74c39621b03cec7bc08498f140192ac26ca940ef20beac6dfad3714d2298b2a",
                "sha256:f9753c6292d5a1fe46828feb38d1de1820e3ea109a5fea0b6ea1dca6e9d0b220"
            ],
            "markers": "python_version >= '3.6'",
            "version": "==3.3.0"
        },
        "numpy": {
            "hashes": [
                "sha256:082f8d4dd69b6b688f64f509b91d482362124986d98dc7dc5f5e9f9b9c3bb983",
                "sha256:1bc0145999e8cb8aed9d4e65dd8b139adf1919e521177f198529687dbf613065",
                "sha256:309cbcfaa103fc9a33ec16d2d62569d541b79f828c382556ff072442226d1968",
                "sha256:3673c8b2b29077f1b7b3a848794f8e11f401ba0b71c49fbd26fb40b71788b132",
                "sha256:480fdd4dbda4dd6b638d3863da3be82873bba6d32d1fc12ea1b8486ac7b8d129",
                "sha256:56ef7f56470c24bb67fb43dae442e946a6ce172f97c69f8d067ff8550cf782ff",
                "sha256:5a936fd51049541d86ccdeef2833cc89a18e4d3808fe58a8abeb802665c5af93",
                "sha256:5b6885c12784a27e957294b60f97e8b5b4174c7504665333c5e94fbf41ae5d6a",
                "sha256:667c07063940e934287993366ad5f56766bc009017b4a0fe91dbd07960d0aba7",
                "sha256:7ed448ff4eaffeb01094959b19cbaf998ecdee9ef9932381420d514e446601cd",
                "sha256:8343bf67c72e09cfabfab55ad4a43ce3f6bf6e6ced7acf70f45ded9ebb425055",
                "sha256:92feb989b47f83ebef246adabc7ff3b9a59ac30601c3f6819f8913458610bdcc",
                "sha256:935c27ae2760c21cd7354402546f6be21d3d0c806fffe967f745d5f2de5005a7",
                "sha256:aaf42a04b472d12515debc621c31cf16c215e332242e7a9f56403d814c744624",
                "sha256:b12e639378c741add21fbffd16ba5ad25c0a1a17cf2b6fe4288feeb65144f35b",
                "sha256:b1cca51512299841bf69add3b75361779962f9cee7d9ee3bb446d5982e925b69",
                "sha256:b8456987b637232602ceb4d663cb34106f7eb780e247d51a260b84760fd8f491",
                "sha256:b9792b0ac0130b277536ab8944e7b754c69560dac0415dd4b2dbd16b902c8954",
                "sha256:c9591886fc9cbe5532d5df85cb8e0cc3b44ba8ce4367bd4cf1b93dc19713da72",
                "sha256:cf1347450c0b7644ea142712619533553f02ef23f92f781312f6a3553d031fc7",
                "sha256:de8b4a9b56255797cbddb93281ed92acbc510fb7b15df3f01bd28f46ebc4edae",
                "sha256:e1b1dc0372f530f26a03578ac75d5e51b3868b9b76cd2facba4c9ee0eb252ab1",
                "sha256:e45f8e981a0ab47103181773cc0a54e650b2aef8c7b6cd07405d0fa8d869444a",
                "sha256:e4f6d3c53911a9d103d8ec9518190e52a8b945bab021745af4939cfc7c0d4a9e",
                "sha256:ed8a311493cf5480a2ebc597d1e177231984c818a86875126cfd004241a73c3e",
                "sha256:ef71a1d4fd4858596ae80ad1ec76404ad29701f8ca7cdcebc50300178db14dfc"
            ],
            "index": "pypi",
            "version": "==1.19.1"
        },
        "outdated": {
            "hashes": [
                "sha256:bcb145e0e372ba467e998c327d3d1ba72a134b0d5a729749729df6c6244ce643"
            ],
            "version": "==0.2.0"
        },
        "pandas": {
            "hashes": [
                "sha256:0210f8fe19c2667a3817adb6de2c4fd92b1b78e1975ca60c0efa908e0985cbdb",
                "sha256:0227e3a6e3a22c0e283a5041f1e3064d78fbde811217668bb966ed05386d8a7e",
                "sha256:0bc440493cf9dc5b36d5d46bbd5508f6547ba68b02a28234cd8e81fdce42744d",
                "sha256:16504f915f1ae424052f1e9b7cd2d01786f098fbb00fa4e0f69d42b22952d798",
                "sha256:182a5aeae319df391c3df4740bb17d5300dcd78034b17732c12e62e6dd79e4a4",
                "sha256:35db623487f00d9392d8af44a24516d6cb9f274afaf73cfcfe180b9c54e007d2",
                "sha256:40ec0a7f611a3d00d3c666c4cceb9aa3f5bf9fbd81392948a93663064f527203",
                "sha256:47a03bfef80d6812c91ed6fae43f04f2fa80a4e1b82b35aa4d9002e39529e0b8",
                "sha256:4b21d46728f8a6be537716035b445e7ef3a75dbd30bd31aa1b251323219d853e",
                "sha256:4d1a806252001c5db7caecbe1a26e49a6c23421d85a700960f6ba093112f54a1",
                "sha256:60e20a4ab4d4fec253557d0fc9a4e4095c37b664f78c72af24860c8adcd07088",
                "sha256:9f61cca5262840ff46ef857d4f5f65679b82188709d0e5e086a9123791f721c8",
                "sha256:a15835c8409d5edc50b4af93be3377b5dd3eb53517e7f785060df1f06f6da0e2",
                "sha256:b39508562ad0bb3f384b0db24da7d68a2608b9ddc85b1d931ccaaa92d5e45273",
                "sha256:ed60848caadeacecefd0b1de81b91beff23960032cded0ac1449242b506a3b3f",
                "sha256:fc714895b6de6803ac9f661abb316853d0cd657f5d23985222255ad76ccedc25"
            ],
            "index": "pypi",
            "version": "==1.1.0"
        },
        "pandas-flavor": {
            "hashes": [
                "sha256:7871655816de22dc766e916697ccc67449e1863c090ef5fd40d4d0fbd056e489",
                "sha256:ce4d3640a89435c27eb2369305455865f043464ee5ae450e5388f4fb30eae241"
            ],
            "version": "==0.2.0"
        },
        "patsy": {
            "hashes": [
                "sha256:5465be1c0e670c3a965355ec09e9a502bf2c4cbe4875e8528b0221190a8a5d40",
                "sha256:f115cec4201e1465cd58b9866b0b0e7b941caafec129869057405bfe5b5e3991"
            ],
            "version": "==0.5.1"
        },
        "pillow": {
            "hashes": [
                "sha256:0295442429645fa16d05bd567ef5cff178482439c9aad0411d3f0ce9b88b3a6f",
                "sha256:06aba4169e78c439d528fdeb34762c3b61a70813527a2c57f0540541e9f433a8",
                "sha256:09d7f9e64289cb40c2c8d7ad674b2ed6105f55dc3b09aa8e4918e20a0311e7ad",
                "sha256:0a80dd307a5d8440b0a08bd7b81617e04d870e40a3e46a32d9c246e54705e86f",
                "sha256:1ca594126d3c4def54babee699c055a913efb01e106c309fa6b04405d474d5ae",
                "sha256:25930fadde8019f374400f7986e8404c8b781ce519da27792cbe46eabec00c4d",
                "sha256:431b15cffbf949e89df2f7b48528be18b78bfa5177cb3036284a5508159492b5",
                "sha256:52125833b070791fcb5710fabc640fc1df07d087fc0c0f02d3661f76c23c5b8b",
                "sha256:5e51ee2b8114def244384eda1c82b10e307ad9778dac5c83fb0943775a653cd8",
                "sha256:612cfda94e9c8346f239bf1a4b082fdd5c8143cf82d685ba2dba76e7adeeb233",
                "sha256:6d7741e65835716ceea0fd13a7d0192961212fd59e741a46bbed7a473c634ed6",
                "sha256:6edb5446f44d901e8683ffb25ebdfc26988ee813da3bf91e12252b57ac163727",
                "sha256:725aa6cfc66ce2857d585f06e9519a1cc0ef6d13f186ff3447ab6dff0a09bc7f",
                "sha256:8dad18b69f710bf3a001d2bf3afab7c432785d94fcf819c16b5207b1cfd17d38",
                "sha256:94cf49723928eb6070a892cb39d6c156f7b5a2db4e8971cb958f7b6b104fb4c4",
                "sha256:97f9e7953a77d5a70f49b9a48da7776dc51e9b738151b22dacf101641594a626",
                "sha256:9ad7f865eebde135d526bb3163d0b23ffff365cf87e767c649550964ad72785d",
                "sha256:a060cf8aa332052df2158e5a119303965be92c3da6f2d93b6878f0ebca80b2f6",
                "sha256:c79f9c5fb846285f943aafeafda3358992d64f0ef58566e23484132ecd8d7d63",
                "sha256:c92302a33138409e8f1ad16731568c55c9053eee71bb05b6b744067e1b62380f",
                "sha256:d08b23fdb388c0715990cbc06866db554e1822c4bdcf6d4166cf30ac82df8c41",
                "sha256:d350f0f2c2421e65fbc62690f26b59b0bcda1b614beb318c81e38647e0f673a1",
                "sha256:ec29604081f10f16a7aea809ad42e27764188fc258b02259a03a8ff7ded3808d",
                "sha256:edf31f1150778abd4322444c393ab9c7bd2af271dd4dafb4208fb613b1f3cdc9",
                "sha256:f7e30c27477dffc3e85c2463b3e649f751789e0f6c8456099eea7ddd53be4a8a",
                "sha256:ffe538682dc19cc542ae7c3e504fdf54ca7f86fb8a135e59dd6bc8627eae6cce"
            ],
            "markers": "python_version >= '3.5'",
            "version": "==7.2.0"
        },
        "pingouin": {
            "hashes": [
                "sha256:32f1cedce4b34d52b89465426a57e29b1da233a94e52d8a16aa0720b0cf94493"
            ],
            "index": "pypi",
            "version": "==0.3.7"
        },
        "plotly": {
            "hashes": [
                "sha256:257f530ffd73754bd008454826905657b329053364597479bb9774437a396837",
                "sha256:7c7b613af8def74f48b1298f08a49086bb9792104119feb4a137f737533021e1"
            ],
            "index": "pypi",
            "version": "==4.9.0"
        },
        "psycopg2": {
            "hashes": [
                "sha256:132efc7ee46a763e68a815f4d26223d9c679953cd190f1f218187cb60decf535",
                "sha256:2327bf42c1744a434ed8ed0bbaa9168cac7ee5a22a9001f6fc85c33b8a4a14b7",
                "sha256:27c633f2d5db0fc27b51f1b08f410715b59fa3802987aec91aeb8f562724e95c",
                "sha256:2c0afb40cfb4d53487ee2ebe128649028c9a78d2476d14a67781e45dc287f080",
                "sha256:2df2bf1b87305bd95eb3ac666ee1f00a9c83d10927b8144e8e39644218f4cf81",
                "sha256:440a3ea2c955e89321a138eb7582aa1d22fe286c7d65e26a2c5411af0a88ae72",
                "sha256:6a471d4d2a6f14c97a882e8d3124869bc623f3df6177eefe02994ea41fd45b52",
                "sha256:6b306dae53ec7f4f67a10942cf8ac85de930ea90e9903e2df4001f69b7833f7e",
                "sha256:a0984ff49e176062fcdc8a5a2a670c9bb1704a2f69548bce8f8a7bad41c661bf",
                "sha256:ac5b23d0199c012ad91ed1bbb971b7666da651c6371529b1be8cbe2a7bf3c3a9",
                "sha256:acf56d564e443e3dea152efe972b1434058244298a94348fc518d6dd6a9fb0bb",
                "sha256:d3b29d717d39d3580efd760a9a46a7418408acebbb784717c90d708c9ed5f055",
                "sha256:f7d46240f7a1ae1dd95aab38bd74f7428d46531f69219954266d669da60c0818"
            ],
            "index": "pypi",
            "version": "==2.8.5"
        },
        "pyparsing": {
            "hashes": [
                "sha256:c203ec8783bf771a155b207279b9bccb8dea02d8f0c9e5f8ead507bc3246ecc1",
                "sha256:ef9d7589ef3c200abe66653d3f1ab1033c3c419ae9b9bdb1240a85b024efc88b"
            ],
            "markers": "python_version >= '2.6' and python_version not in '3.0, 3.1, 3.2, 3.3'",
            "version": "==2.4.7"
        },
        "python-dateutil": {
            "hashes": [
                "sha256:73ebfe9dbf22e832286dafa60473e4cd239f8592f699aa5adaf10050e6e1823c",
                "sha256:75bb3f31ea686f1197762692a9ee6a7550b59fc6ca3a1f4b5d7e32fb98e2da2a"
            ],
            "index": "pypi",
            "version": "==2.8.1"
        },
        "python-dotenv": {
            "hashes": [
                "sha256:8c10c99a1b25d9a68058a1ad6f90381a62ba68230ca93966882a4dbc3bc9c33d",
                "sha256:c10863aee750ad720f4f43436565e4c1698798d763b63234fb5021b6c616e423"
            ],
            "index": "pypi",
            "version": "==0.14.0"
        },
        "python-editor": {
            "hashes": [
                "sha256:1bf6e860a8ad52a14c3ee1252d5dc25b2030618ed80c022598f00176adc8367d",
                "sha256:51fda6bcc5ddbbb7063b2af7509e43bd84bfc32a4ff71349ec7847713882327b",
                "sha256:5f98b069316ea1c2ed3f67e7f5df6c0d8f10b689964a4a811ff64f0106819ec8",
                "sha256:c3da2053dbab6b29c94e43c486ff67206eafbe7eb52dbec7390b5e2fb05aac77",
                "sha256:ea87e17f6ec459e780e4221f295411462e0d0810858e055fc514684350a2f522"
            ],
            "version": "==1.0.4"
        },
        "pytz": {
            "hashes": [
                "sha256:a494d53b6d39c3c6e44c3bec237336e14305e4f29bbf800b599253057fbb79ed",
                "sha256:c35965d010ce31b23eeb663ed3cc8c906275d6be1a34393a1d73a41febf4a048"
            ],
            "index": "pypi",
            "version": "==2020.1"
        },
        "requests": {
            "hashes": [
                "sha256:b3559a131db72c33ee969480840fff4bb6dd111de7dd27c8ee1f820f4f00231b",
                "sha256:fe75cc94a9443b9246fc7049224f75604b113c36acb93f87b80ed42c44cbb898"
            ],
            "markers": "python_version >= '2.7' and python_version not in '3.0, 3.1, 3.2, 3.3, 3.4'",
            "version": "==2.24.0"
        },
        "retrying": {
            "hashes": [
                "sha256:08c039560a6da2fe4f2c426d0766e284d3b736e355f8dd24b37367b0bb41973b"
            ],
            "version": "==1.3.3"
        },
        "scikit-learn": {
            "hashes": [
                "sha256:04799686060ecbf8992f26a35be1d99e981894c8c7860c1365cda4200f954a16",
                "sha256:058d213092de4384710137af1300ed0ff030b8c40459a6c6f73c31ccd274cc39",
                "sha256:0c3464e46ef8bd4f1bfa5c009648c6449412c8f7e9b3fc0c9e3d800139c48827",
                "sha256:0e7b55f73b35537ecd0d19df29dd39aa9e076dba78f3507b8136c819d84611fd",
                "sha256:16feae4361be6b299d4d08df5a30956b4bfc8eadf173fe9258f6d59630f851d4",
                "sha256:244ca85d6eba17a1e6e8a66ab2f584be6a7784b5f59297e3d7ff8c7983af627c",
                "sha256:3e6e92b495eee193a8fa12a230c9b7976ea0fc1263719338e35c986ea1e42cff",
                "sha256:5bcea4d6ee431c814261117281363208408aa4e665633655895feb059021aca6",
                "sha256:93f56abd316d131645559ec0ab4f45e3391c2ccdd4eadaa4912f4c1e0a6f2c96",
                "sha256:9e04c0811ea92931ee8490d638171b8cb2f21387efcfff526bbc8c2a3da60f1c",
                "sha256:bded94236e16774385202cafd26190ce96db18e4dc21e99473848c61e4fdc400",
                "sha256:c2fa33d20408b513cf432505c80e6eb4bf4d71434f1ae36680765d4a2c2a16ec",
                "sha256:e3fec1c8831f8f93ad85581ca29ca1bb88e2da377fb097cf8322aa89c21bc9b8",
                "sha256:e585682e37f2faa81ad6cd4472fff646bf2fd0542147bec93697a905db8e6bd2",
                "sha256:e9879ba9e64ec3add41bf201e06034162f853652ef4849b361d73b0deb3153ad",
                "sha256:ebe853e6f318f9d8b3b74dd17e553720d35646eff675a69eeaed12fbbbb07daa"
            ],
            "index": "pypi",
            "version": "==0.23.1"
        },
        "scipy": {
            "hashes": [
                "sha256:066c513d90eb3fd7567a9e150828d39111ebd88d3e924cdfc9f8ce19ab6f90c9",
                "sha256:07e52b316b40a4f001667d1ad4eb5f2318738de34597bd91537851365b6c61f1",
                "sha256:0a0e9a4e58a4734c2eba917f834b25b7e3b6dc333901ce7784fd31aefbd37b2f",
                "sha256:1c7564a4810c1cd77fcdee7fa726d7d39d4e2695ad252d7c86c3ea9d85b7fb8f",
                "sha256:315aa2165aca31375f4e26c230188db192ed901761390be908c9b21d8b07df62",
                "sha256:6e86c873fe1335d88b7a4bfa09d021f27a9e753758fd75f3f92d714aa4093768",
                "sha256:8e28e74b97fc8d6aa0454989db3b5d36fc27e69cef39a7ee5eaf8174ca1123cb",
                "sha256:92eb04041d371fea828858e4fff182453c25ae3eaa8782d9b6c32b25857d23bc",
                "sha256:a0afbb967fd2c98efad5f4c24439a640d39463282040a88e8e928db647d8ac3d",
                "sha256:a785409c0fa51764766840185a34f96a0a93527a0ff0230484d33a8ed085c8f8",
                "sha256:cca9fce15109a36a0a9f9cfc64f870f1c140cb235ddf27fe0328e6afb44dfed0",
                "sha256:d56b10d8ed72ec1be76bf10508446df60954f08a41c2d40778bc29a3a9ad9bce",
                "sha256:dac09281a0eacd59974e24525a3bc90fa39b4e95177e638a31b14db60d3fa806",
                "sha256:ec5fe57e46828d034775b00cd625c4a7b5c7d2e354c3b258d820c6c72212a6ec",
                "sha256:eecf40fa87eeda53e8e11d265ff2254729d04000cd40bae648e76ff268885d66",
                "sha256:fc98f3eac993b9bfdd392e675dfe19850cc8c7246a8fd2b42443e506344be7d9"
            ],
            "index": "pypi",
            "version": "==1.5.2"
        },
        "seaborn": {
            "hashes": [
                "sha256:2d1a0c9d6bd1bc3cadb0364b8f06540f51322a670cf8438d0fde1c1c7317adc0",
                "sha256:c901ce494541fb4714cfa7db79d0232dc3f4c4dfd3f273bacf17816084df5b53"
            ],
            "markers": "python_version >= '3.6'",
            "version": "==0.10.1"
        },
        "six": {
            "hashes": [
                "sha256:30639c035cdb23534cd4aa2dd52c3bf48f06e5f4a941509c8bafd8ce11080259",
                "sha256:8b74bedcbbbaca38ff6d7491d76f2b06b3592611af620f8426e82dddb04a5ced"
            ],
            "index": "pypi",
            "version": "==1.15.0"
        },
        "sqlalchemy": {
            "hashes": [
                "sha256:0942a3a0df3f6131580eddd26d99071b48cfe5aaf3eab2783076fbc5a1c1882e",
                "sha256:0ec575db1b54909750332c2e335c2bb11257883914a03bc5a3306a4488ecc772",
                "sha256:109581ccc8915001e8037b73c29590e78ce74be49ca0a3630a23831f9e3ed6c7",
                "sha256:16593fd748944726540cd20f7e83afec816c2ac96b082e26ae226e8f7e9688cf",
                "sha256:427273b08efc16a85aa2b39892817e78e3ed074fcb89b2a51c4979bae7e7ba98",
                "sha256:50c4ee32f0e1581828843267d8de35c3298e86ceecd5e9017dc45788be70a864",
                "sha256:512a85c3c8c3995cc91af3e90f38f460da5d3cade8dc3a229c8e0879037547c9",
                "sha256:57aa843b783179ab72e863512e14bdcba186641daf69e4e3a5761d705dcc35b1",
                "sha256:621f58cd921cd71ba6215c42954ffaa8a918eecd8c535d97befa1a8acad986dd",
                "sha256:6ac2558631a81b85e7fb7a44e5035347938b0a73f5fdc27a8566777d0792a6a4",
                "sha256:716754d0b5490bdcf68e1e4925edc02ac07209883314ad01a137642ddb2056f1",
                "sha256:736d41cfebedecc6f159fc4ac0769dc89528a989471dc1d378ba07d29a60ba1c",
                "sha256:8619b86cb68b185a778635be5b3e6018623c0761dde4df2f112896424aa27bd8",
                "sha256:87fad64529cde4f1914a5b9c383628e1a8f9e3930304c09cf22c2ae118a1280e",
                "sha256:89494df7f93b1836cae210c42864b292f9b31eeabca4810193761990dc689cce",
                "sha256:8cac7bb373a5f1423e28de3fd5fc8063b9c8ffe8957dc1b1a59cb90453db6da1",
                "sha256:8fd452dc3d49b3cc54483e033de6c006c304432e6f84b74d7b2c68afa2569ae5",
                "sha256:adad60eea2c4c2a1875eb6305a0b6e61a83163f8e233586a4d6a55221ef984fe",
                "sha256:c26f95e7609b821b5f08a72dab929baa0d685406b953efd7c89423a511d5c413",
                "sha256:cbe1324ef52ff26ccde2cb84b8593c8bf930069dfc06c1e616f1bfd4e47f48a3",
                "sha256:d05c4adae06bd0c7f696ae3ec8d993ed8ffcc4e11a76b1b35a5af8a099bd2284",
                "sha256:d98bc827a1293ae767c8f2f18be3bb5151fd37ddcd7da2a5f9581baeeb7a3fa1",
                "sha256:da2fb75f64792c1fc64c82313a00c728a7c301efe6a60b7a9fe35b16b4368ce7",
                "sha256:e4624d7edb2576cd72bb83636cd71c8ce544d8e272f308bd80885056972ca299",
                "sha256:e89e0d9e106f8a9180a4ca92a6adde60c58b1b0299e1b43bd5e0312f535fbf33",
                "sha256:f11c2437fb5f812d020932119ba02d9e2bc29a6eca01a055233a8b449e3e1e7d",
                "sha256:f57be5673e12763dd400fea568608700a63ce1c6bd5bdbc3cc3a2c5fdb045274",
                "sha256:fc728ece3d5c772c196fd338a99798e7efac7a04f9cb6416299a3638ee9a94cd"
            ],
            "index": "pypi",
            "version": "==1.3.18"
        },
        "statsmodels": {
            "hashes": [
                "sha256:02e95c567ac77834210ecbe96a64eb939fc42669f95d583ac6184b00830db743",
                "sha256:1e3ae5671cae0da8f94ce5e9331fc9880fe6210ffd5750ac961f84203d262763",
                "sha256:434240abd14f4998ec6350473cd105e9977e930635ecf7e352d641d729dbc2a2",
                "sha256:47e0f27fe515fae06240a1f1dbcdce8b93417ea294b4965335f538627f711b10",
                "sha256:49aa8ffbe0b0e2e86afa58dec6bd5c483898e9b8223d8a7d13b69b5ad144b674",
                "sha256:59403da80bdba84713d93f36897fba4fd3b2964a1b983816ed488a405abc18b1",
                "sha256:5bde3fa0a35a91b45dba7cbc28270b5b649ff1d721c89290883f6e831672d5f0",
                "sha256:5e7afc596164c1c7464ba3943721a9668aa0ce07853ce9881ac49d3a043784dd",
                "sha256:621f2ec00ff8a4749cef3c9cc11c12ac2ee549ecf3ccfde626b3f1461165f0e6",
                "sha256:6243bc78bc805acee7690098fa749094895bb3c2dd0b7f7ac8d57f97fe2b1eb2",
                "sha256:6371267d051b555898611913afa4a46144e9d29a234ef32c2e36e558e88a8de9",
                "sha256:67e1a5d9fc6900209203cd446b2ed6822eb4b03581dea669c4fe97f512cfde36",
                "sha256:6e7e2cb74d8ae56cffc0581f3467cdcd16d8f7e97297974cefdf0d727020c287",
                "sha256:92536c3579a6c7fbdaeb1c026781a17d4760e4b76ca861eaae05b2a43309dca5",
                "sha256:9efd2e27c08077330cecdbfb589cf84d735abface94e9a6387282a6a7c91362d",
                "sha256:a4fcb03d2a5d0f37d0ecb38f6d9d10a3ab6f9e2e583c3be4d4615484d5d10e88",
                "sha256:b9b9cb6ced4f9b644cfd0b6a9d4a88e406c643dba4f2ad61e22d03ee48bc7731",
                "sha256:bce1e6b94ade985a8319621c9ea4f7e312ed8cfcb5d93ab0cb0013c58b98680c",
                "sha256:e728156ae279f05574ef9e840ec57f44c96c85ba14010169e9b4e1085d89642f",
                "sha256:f2ac0559d6ef824d5a47576f572de62b0f088ef4f912dd40298ee9ab20d3ef9b",
                "sha256:f5e4928e230332260cb55458953dbbae6a63356f91d3242c7ba2d17dc6c4bd7f"
            ],
            "markers": "python_version >= '3.5'",
            "version": "==0.11.1"
        },
        "tabulate": {
            "hashes": [
                "sha256:ac64cb76d53b1231d364babcd72abbb16855adac7de6665122f97b593f1eb2ba",
                "sha256:db2723a20d04bcda8522165c73eea7c300eda74e0ce852d9022e0159d7895007"
            ],
            "version": "==0.8.7"
        },
        "threadpoolctl": {
            "hashes": [
                "sha256:38b74ca20ff3bb42caca8b00055111d74159ee95c4370882bbff2b93d24da725",
                "sha256:ddc57c96a38beb63db45d6c159b5ab07b6bced12c45a1f07b2b92f272aebfa6b"
            ],
            "markers": "python_version >= '3.5'",
            "version": "==2.1.0"
        },
        "urllib3": {
            "hashes": [
                "sha256:91056c15fa70756691db97756772bb1eb9678fa585d9184f24534b100dc60f4a",
                "sha256:e7983572181f5e1522d9c98453462384ee92a0be7fac5f1413a1e35c56cc0461"
            ],
            "markers": "python_version >= '2.7' and python_version not in '3.0, 3.1, 3.2, 3.3, 3.4' and python_version < '4'",
            "version": "==1.25.10"
        },
        "webassets": {
            "hashes": [
                "sha256:167132337677c8cedc9705090f6d48da3fb262c8e0b2773b29f3352f050181cd",
                "sha256:a31a55147752ba1b3dc07dee0ad8c8efff274464e08bbdb88c1fd59ffd552724"
            ],
            "index": "pypi",
            "version": "==2.0"
        },
        "werkzeug": {
            "hashes": [
                "sha256:2de2a5db0baeae7b2d2664949077c2ac63fbd16d98da0ff71837f7d1dea3fd43",
                "sha256:6c80b1e5ad3665290ea39320b91e1be1e0d5f60652b964a3070216de83d2e47c"
            ],
            "index": "pypi",
            "version": "==1.0.1"
        },
        "xarray": {
            "hashes": [
                "sha256:665de4253fcf951e7a6954313b77164d7efca2bd820f0a518b7c25ea46ee43cb",
                "sha256:e38452dbbb9f7b1938ae23b81ca7d66d1109818040048ec42e59c0c738cbe8f3"
            ],
            "markers": "python_version >= '3.6'",
            "version": "==0.16.0"
        }
    },
    "develop": {}
}
